
Microsoft Visual Studio Solution File, Format Version 12.00
# Visual Studio 15
Project("{F2A71F9B-5D33-465A-A702-920D77279786}") = "Interstellar.Core", "src\Interstellar.Core\Interstellar.Core.fsproj", "{7D096C2C-0960-4754-9954-421832426807}"
EndProject
Project("{F2A71F9B-5D33-465A-A702-920D77279786}") = "Examples.SharedCode", "Examples\Examples.SharedCode\Examples.SharedCode.fsproj", "{0332BEB2-0915-47CC-A709-49FC4C2B3DB5}"
EndProject
Project("{2150E333-8FDC-42A3-9474-1A3956D46DE8}") = "Solution Items", "Solution Items", "{BE6ABDEA-53B5-4D1C-9E46-6B783CD97234}"
	ProjectSection(SolutionItems) = preProject
		global.json = global.json
		AssemblyAndPackageInfo.props = AssemblyAndPackageInfo.props
		paket.dependencies = paket.dependencies
	EndProjectSection
EndProject
Project("{F2A71F9B-5D33-465A-A702-920D77279786}") = "Examples.macOS.WebKit", "Examples\Examples.macOS.WebKit\Examples.macOS.WebKit.fsproj", "{C91E86B6-72B1-4367-9CD4-A1116FECD752}"
EndProject
Project("{F2A71F9B-5D33-465A-A702-920D77279786}") = "Interstellar.MacOS.WebKit", "src\Interstellar.MacOS.WebKit\Interstellar.MacOS.WebKit.fsproj", "{77FAE56F-23ED-4B30-B961-BBC7B492AAFE}"
EndProject
Project("{2150E333-8FDC-42A3-9474-1A3956D46DE8}") = "build", "build", "{2B1A37B9-3FA4-4FA3-A26F-32F2B5C2CF91}"
EndProject
Project("{F2A71F9B-5D33-465A-A702-920D77279786}") = "build", "build\build.fsproj", "{684CD76F-3338-42D4-8D53-0DA6F5F03C69}"
EndProject
Global
	GlobalSection(SolutionConfigurationPlatforms) = preSolution
		Debug|Any CPU = Debug|Any CPU
		Release|Any CPU = Release|Any CPU
	EndGlobalSection
	GlobalSection(ProjectConfigurationPlatforms) = postSolution
		{7D096C2C-0960-4754-9954-421832426807}.Debug|Any CPU.ActiveCfg = Debug|Any CPU
		{7D096C2C-0960-4754-9954-421832426807}.Debug|Any CPU.Build.0 = Debug|Any CPU
		{7D096C2C-0960-4754-9954-421832426807}.Release|Any CPU.ActiveCfg = Release|Any CPU
		{7D096C2C-0960-4754-9954-421832426807}.Release|Any CPU.Build.0 = Release|Any CPU
		{0332BEB2-0915-47CC-A709-49FC4C2B3DB5}.Debug|Any CPU.ActiveCfg = Debug|Any CPU
		{0332BEB2-0915-47CC-A709-49FC4C2B3DB5}.Debug|Any CPU.Build.0 = Debug|Any CPU
		{0332BEB2-0915-47CC-A709-49FC4C2B3DB5}.Release|Any CPU.ActiveCfg = Release|Any CPU
		{0332BEB2-0915-47CC-A709-49FC4C2B3DB5}.Release|Any CPU.Build.0 = Release|Any CPU
		{C91E86B6-72B1-4367-9CD4-A1116FECD752}.Debug|Any CPU.ActiveCfg = Debug|Any CPU
		{C91E86B6-72B1-4367-9CD4-A1116FECD752}.Debug|Any CPU.Build.0 = Debug|Any CPU
		{C91E86B6-72B1-4367-9CD4-A1116FECD752}.Release|Any CPU.ActiveCfg = Release|Any CPU
		{C91E86B6-72B1-4367-9CD4-A1116FECD752}.Release|Any CPU.Build.0 = Release|Any CPU
		{14C8FADA-AD8F-421E-8FB3-F9EA797E507C}.Debug|Any CPU.ActiveCfg = Debug|Any CPU
		{14C8FADA-AD8F-421E-8FB3-F9EA797E507C}.Debug|Any CPU.Build.0 = Debug|Any CPU
		{14C8FADA-AD8F-421E-8FB3-F9EA797E507C}.Release|Any CPU.ActiveCfg = Release|Any CPU
		{14C8FADA-AD8F-421E-8FB3-F9EA797E507C}.Release|Any CPU.Build.0 = Release|Any CPU
		{77FAE56F-23ED-4B30-B961-BBC7B492AAFE}.Debug|Any CPU.ActiveCfg = Debug|Any CPU
		{77FAE56F-23ED-4B30-B961-BBC7B492AAFE}.Debug|Any CPU.Build.0 = Debug|Any CPU
		{77FAE56F-23ED-4B30-B961-BBC7B492AAFE}.Release|Any CPU.ActiveCfg = Release|Any CPU
		{77FAE56F-23ED-4B30-B961-BBC7B492AAFE}.Release|Any CPU.Build.0 = Release|Any CPU
		{684CD76F-3338-42D4-8D53-0DA6F5F03C69}.Debug|Any CPU.ActiveCfg = Debug|Any CPU
		{684CD76F-3338-42D4-8D53-0DA6F5F03C69}.Debug|Any CPU.Build.0 = Debug|Any CPU
		{684CD76F-3338-42D4-8D53-0DA6F5F03C69}.Release|Any CPU.ActiveCfg = Release|Any CPU
		{684CD76F-3338-42D4-8D53-0DA6F5F03C69}.Release|Any CPU.Build.0 = Release|Any CPU
	EndGlobalSection
	GlobalSection(NestedProjects) = preSolution
		{684CD76F-3338-42D4-8D53-0DA6F5F03C69} = {2B1A37B9-3FA4-4FA3-A26F-32F2B5C2CF91}
	EndGlobalSection
EndGlobal
